github.com/adamhassel/migrate v2.0.1-0.20191031122340-91c4c983d0fd+incompatible h1:rVrAxw5abRbSHHVKHCfzBdYNphD7jRGM43jI9L1NWcQ=
github.com/adamhassel/migrate v2.0.1-0.20191031122340-91c4c983d0fd+incompatible/go.mod h1:B7OQ3qufo/MDhEb9/9rlHtdknqni4cofKXKWyrfHfXA=
github.com/lib/pq v1.2.0 h1:LXpIM/LZ5xGFhOpXAQUIMM1HdyqzVYM13zNdjCEEcA0=
github.com/lib/pq v1.2.0/go.mod h1:5WUZQaWbwv1U+lTReE5YruASi9Al49XbQIvNi/34Woo=
